
Microsoft Visual Studio Solution File, Format Version 12.00
# Visual Studio 15
VisualStudioVersion = 15.0.28307.136
MinimumVisualStudioVersion = 10.0.40219.1
Project("{9A19103F-16F7-4668-BE54-9A1E7A4F7556}") = "DataValidation", "DataValidation\DataValidation.csproj", "{A2D2DBCE-5B94-472C-8553-0998BFD275F8}"
EndProject
Project("{9A19103F-16F7-4668-BE54-9A1E7A4F7556}") = "DataValidationTest", "DataValidationTest\DataValidationTest.csproj", "{0ACBDFCA-6723-4997-AF5E-8B5C50494934}"
EndProject
Global
	GlobalSection(SolutionConfigurationPlatforms) = preSolution
		Debug|Any CPU = Debug|Any CPU
		Release|Any CPU = Release|Any CPU
	EndGlobalSection
	GlobalSection(ProjectConfigurationPlatforms) = postSolution
		{A2D2DBCE-5B94-472C-8553-0998BFD275F8}.Debug|Any CPU.ActiveCfg = Debug|Any CPU
		{A2D2DBCE-5B94-472C-8553-0998BFD275F8}.Debug|Any CPU.Build.0 = Debug|Any CPU
		{A2D2DBCE-5B94-472C-8553-0998BFD275F8}.Release|Any CPU.ActiveCfg = Release|Any CPU
		{A2D2DBCE-5B94-472C-8553-0998BFD275F8}.Release|Any CPU.Build.0 = Release|Any CPU
		{0ACBDFCA-6723-4997-AF5E-8B5C50494934}.Debug|Any CPU.ActiveCfg = Debug|Any CPU
		{0ACBDFCA-6723-4997-AF5E-8B5C50494934}.Debug|Any CPU.Build.0 = Debug|Any CPU
		{0ACBDFCA-6723-4997-AF5E-8B5C50494934}.Release|Any CPU.ActiveCfg = Release|Any CPU
		{0ACBDFCA-6723-4997-AF5E-8B5C50494934}.Release|Any CPU.Build.0 = Release|Any CPU
	EndGlobalSection
	GlobalSection(SolutionProperties) = preSolution
		HideSolutionNode = FALSE
	EndGlobalSection
	GlobalSection(ExtensibilityGlobals) = postSolution
		SolutionGuid = {F57596A5-47F9-4389-B5E2-4AFE85E3528F}
	EndGlobalSection
EndGlobal
